
Microsoft Visual Studio Solution File, Format Version 12.00
# Visual Studio 15
VisualStudioVersion = 15.0.26730.16
MinimumVisualStudioVersion = 10.0.40219.1
Project("{F184B08F-C81C-45F6-A57F-5ABD9991F28F}") = "KrakTram", "KrakTram\KrakTram.vbproj", "{30F93BA6-BFB5-40FA-9E54-C178A278FA00}"
EndProject
Project("{D954291E-2A0B-460D-934E-DC6B0785DB48}") = "KrakTram_Uno.Shared", "KrakTram_Uno\KrakTram_Uno.Shared\KrakTram_Uno.Shared.shproj", "{6279C845-92F8-4333-AB99-3D213163593C}"
EndProject
Project("{FAE04EC0-301F-11D3-BF4B-00C04F79EFBC}") = "KrakTram_Uno.Droid", "KrakTram_Uno\KrakTram_Uno.Droid\KrakTram_Uno.Droid.csproj", "{4781B65F-849C-4487-ACE9-52CE77BE3042}"
EndProject
Project("{FAE04EC0-301F-11D3-BF4B-00C04F79EFBC}") = "KrakTram_Uno.iOS", "KrakTram_Uno\KrakTram_Uno.iOS\KrakTram_Uno.iOS.csproj", "{12191652-9405-4FF4-AA68-698F265D4013}"
EndProject
Project("{FAE04EC0-301F-11D3-BF4B-00C04F79EFBC}") = "KrakTram_Uno.UWP", "KrakTram_Uno\KrakTram_Uno.UWP\KrakTram_Uno.UWP.csproj", "{89AE7D74-1A47-431A-84CF-19E99C5D6802}"
EndProject
Project("{FAE04EC0-301F-11D3-BF4B-00C04F79EFBC}") = "KrakTram_Uno.Wasm", "KrakTram_Uno\KrakTram_Uno.Wasm\KrakTram_Uno.Wasm.csproj", "{89CD9412-8E0E-447D-9115-2330E329CB2C}"
EndProject
Global
	GlobalSection(SharedMSBuildProjectFiles) = preSolution
		KrakTram_Uno\KrakTram_Uno.Shared\KrakTram_Uno.Shared.projitems*{4781b65f-849c-4487-ace9-52ce77be3042}*SharedItemsImports = 4
		KrakTram_Uno\KrakTram_Uno.Shared\KrakTram_Uno.Shared.projitems*{6279c845-92f8-4333-ab99-3d213163593c}*SharedItemsImports = 13
		KrakTram_Uno\KrakTram_Uno.Shared\KrakTram_Uno.Shared.projitems*{89ae7d74-1a47-431a-84cf-19e99c5d6802}*SharedItemsImports = 4
	EndGlobalSection
	GlobalSection(SolutionConfigurationPlatforms) = preSolution
		Ad-Hoc|Any CPU = Ad-Hoc|Any CPU
		Ad-Hoc|ARM = Ad-Hoc|ARM
		Ad-Hoc|iPhone = Ad-Hoc|iPhone
		Ad-Hoc|iPhoneSimulator = Ad-Hoc|iPhoneSimulator
		Ad-Hoc|x64 = Ad-Hoc|x64
		Ad-Hoc|x86 = Ad-Hoc|x86
		AppStore|Any CPU = AppStore|Any CPU
		AppStore|ARM = AppStore|ARM
		AppStore|iPhone = AppStore|iPhone
		AppStore|iPhoneSimulator = AppStore|iPhoneSimulator
		AppStore|x64 = AppStore|x64
		AppStore|x86 = AppStore|x86
		Debug|Any CPU = Debug|Any CPU
		Debug|ARM = Debug|ARM
		Debug|iPhone = Debug|iPhone
		Debug|iPhoneSimulator = Debug|iPhoneSimulator
		Debug|x64 = Debug|x64
		Debug|x86 = Debug|x86
		Release|Any CPU = Release|Any CPU
		Release|ARM = Release|ARM
		Release|iPhone = Release|iPhone
		Release|iPhoneSimulator = Release|iPhoneSimulator
		Release|x64 = Release|x64
		Release|x86 = Release|x86
	EndGlobalSection
	GlobalSection(ProjectConfigurationPlatforms) = postSolution
		{30F93BA6-BFB5-40FA-9E54-C178A278FA00}.Ad-Hoc|Any CPU.ActiveCfg = Release|x86
		{30F93BA6-BFB5-40FA-9E54-C178A278FA00}.Ad-Hoc|Any CPU.Build.0 = Release|x86
		{30F93BA6-BFB5-40FA-9E54-C178A278FA00}.Ad-Hoc|Any CPU.Deploy.0 = Release|x86
		{30F93BA6-BFB5-40FA-9E54-C178A278FA00}.Ad-Hoc|ARM.ActiveCfg = Release|ARM
		{30F93BA6-BFB5-40FA-9E54-C178A278FA00}.Ad-Hoc|ARM.Build.0 = Release|ARM
		{30F93BA6-BFB5-40FA-9E54-C178A278FA00}.Ad-Hoc|ARM.Deploy.0 = Release|ARM
		{30F93BA6-BFB5-40FA-9E54-C178A278FA00}.Ad-Hoc|iPhone.ActiveCfg = Release|x86
		{30F93BA6-BFB5-40FA-9E54-C178A278FA00}.Ad-Hoc|iPhone.Build.0 = Release|x86
		{30F93BA6-BFB5-40FA-9E54-C178A278FA00}.Ad-Hoc|iPhone.Deploy.0 = Release|x86
		{30F93BA6-BFB5-40FA-9E54-C178A278FA00}.Ad-Hoc|iPhoneSimulator.ActiveCfg = Release|x86
		{30F93BA6-BFB5-40FA-9E54-C178A278FA00}.Ad-Hoc|iPhoneSimulator.Build.0 = Release|x86
		{30F93BA6-BFB5-40FA-9E54-C178A278FA00}.Ad-Hoc|iPhoneSimulator.Deploy.0 = Release|x86
		{30F93BA6-BFB5-40FA-9E54-C178A278FA00}.Ad-Hoc|x64.ActiveCfg = Release|x64
		{30F93BA6-BFB5-40FA-9E54-C178A278FA00}.Ad-Hoc|x64.Build.0 = Release|x64
		{30F93BA6-BFB5-40FA-9E54-C178A278FA00}.Ad-Hoc|x64.Deploy.0 = Release|x64
		{30F93BA6-BFB5-40FA-9E54-C178A278FA00}.Ad-Hoc|x86.ActiveCfg = Release|x86
		{30F93BA6-BFB5-40FA-9E54-C178A278FA00}.Ad-Hoc|x86.Build.0 = Release|x86
		{30F93BA6-BFB5-40FA-9E54-C178A278FA00}.Ad-Hoc|x86.Deploy.0 = Release|x86
		{30F93BA6-BFB5-40FA-9E54-C178A278FA00}.AppStore|Any CPU.ActiveCfg = Release|x86
		{30F93BA6-BFB5-40FA-9E54-C178A278FA00}.AppStore|Any CPU.Build.0 = Release|x86
		{30F93BA6-BFB5-40FA-9E54-C178A278FA00}.AppStore|Any CPU.Deploy.0 = Release|x86
		{30F93BA6-BFB5-40FA-9E54-C178A278FA00}.AppStore|ARM.ActiveCfg = Release|ARM
		{30F93BA6-BFB5-40FA-9E54-C178A278FA00}.AppStore|ARM.Build.0 = Release|ARM
		{30F93BA6-BFB5-40FA-9E54-C178A278FA00}.AppStore|ARM.Deploy.0 = Release|ARM
		{30F93BA6-BFB5-40FA-9E54-C178A278FA00}.AppStore|iPhone.ActiveCfg = Release|x86
		{30F93BA6-BFB5-40FA-9E54-C178A278FA00}.AppStore|iPhone.Build.0 = Release|x86
		{30F93BA6-BFB5-40FA-9E54-C178A278FA00}.AppStore|iPhone.Deploy.0 = Release|x86
		{30F93BA6-BFB5-40FA-9E54-C178A278FA00}.AppStore|iPhoneSimulator.ActiveCfg = Release|x86
		{30F93BA6-BFB5-40FA-9E54-C178A278FA00}.AppStore|iPhoneSimulator.Build.0 = Release|x86
		{30F93BA6-BFB5-40FA-9E54-C178A278FA00}.AppStore|iPhoneSimulator.Deploy.0 = Release|x86
		{30F93BA6-BFB5-40FA-9E54-C178A278FA00}.AppStore|x64.ActiveCfg = Release|x64
		{30F93BA6-BFB5-40FA-9E54-C178A278FA00}.AppStore|x64.Build.0 = Release|x64
		{30F93BA6-BFB5-40FA-9E54-C178A278FA00}.AppStore|x64.Deploy.0 = Release|x64
		{30F93BA6-BFB5-40FA-9E54-C178A278FA00}.AppStore|x86.ActiveCfg = Release|x86
		{30F93BA6-BFB5-40FA-9E54-C178A278FA00}.AppStore|x86.Build.0 = Release|x86
		{30F93BA6-BFB5-40FA-9E54-C178A278FA00}.AppStore|x86.Deploy.0 = Release|x86
		{30F93BA6-BFB5-40FA-9E54-C178A278FA00}.Debug|Any CPU.ActiveCfg = Debug|x86
		{30F93BA6-BFB5-40FA-9E54-C178A278FA00}.Debug|ARM.ActiveCfg = Debug|ARM
		{30F93BA6-BFB5-40FA-9E54-C178A278FA00}.Debug|ARM.Build.0 = Debug|ARM
		{30F93BA6-BFB5-40FA-9E54-C178A278FA00}.Debug|ARM.Deploy.0 = Debug|ARM
		{30F93BA6-BFB5-40FA-9E54-C178A278FA00}.Debug|iPhone.ActiveCfg = Debug|x86
		{30F93BA6-BFB5-40FA-9E54-C178A278FA00}.Debug|iPhoneSimulator.ActiveCfg = Debug|x86
		{30F93BA6-BFB5-40FA-9E54-C178A278FA00}.Debug|x64.ActiveCfg = Debug|x64
		{30F93BA6-BFB5-40FA-9E54-C178A278FA00}.Debug|x64.Build.0 = Debug|x64
		{30F93BA6-BFB5-40FA-9E54-C178A278FA00}.Debug|x64.Deploy.0 = Debug|x64
		{30F93BA6-BFB5-40FA-9E54-C178A278FA00}.Debug|x86.ActiveCfg = Debug|x86
		{30F93BA6-BFB5-40FA-9E54-C178A278FA00}.Debug|x86.Build.0 = Debug|x86
		{30F93BA6-BFB5-40FA-9E54-C178A278FA00}.Debug|x86.Deploy.0 = Debug|x86
		{30F93BA6-BFB5-40FA-9E54-C178A278FA00}.Release|Any CPU.ActiveCfg = Release|x86
		{30F93BA6-BFB5-40FA-9E54-C178A278FA00}.Release|ARM.ActiveCfg = Release|ARM
		{30F93BA6-BFB5-40FA-9E54-C178A278FA00}.Release|ARM.Build.0 = Release|ARM
		{30F93BA6-BFB5-40FA-9E54-C178A278FA00}.Release|ARM.Deploy.0 = Release|ARM
		{30F93BA6-BFB5-40FA-9E54-C178A278FA00}.Release|iPhone.ActiveCfg = Release|x86
		{30F93BA6-BFB5-40FA-9E54-C178A278FA00}.Release|iPhoneSimulator.ActiveCfg = Release|x86
		{30F93BA6-BFB5-40FA-9E54-C178A278FA00}.Release|x64.ActiveCfg = Release|x64
		{30F93BA6-BFB5-40FA-9E54-C178A278FA00}.Release|x64.Build.0 = Release|x64
		{30F93BA6-BFB5-40FA-9E54-C178A278FA00}.Release|x64.Deploy.0 = Release|x64
		{30F93BA6-BFB5-40FA-9E54-C178A278FA00}.Release|x86.ActiveCfg = Release|x86
		{30F93BA6-BFB5-40FA-9E54-C178A278FA00}.Release|x86.Build.0 = Release|x86
		{30F93BA6-BFB5-40FA-9E54-C178A278FA00}.Release|x86.Deploy.0 = Release|x86
		{4781B65F-849C-4487-ACE9-52CE77BE3042}.Ad-Hoc|Any CPU.ActiveCfg = Release|Any CPU
		{4781B65F-849C-4487-ACE9-52CE77BE3042}.Ad-Hoc|Any CPU.Build.0 = Release|Any CPU
		{4781B65F-849C-4487-ACE9-52CE77BE3042}.Ad-Hoc|Any CPU.Deploy.0 = Release|Any CPU
		{4781B65F-849C-4487-ACE9-52CE77BE3042}.Ad-Hoc|ARM.ActiveCfg = Release|Any CPU
		{4781B65F-849C-4487-ACE9-52CE77BE3042}.Ad-Hoc|ARM.Build.0 = Release|Any CPU
		{4781B65F-849C-4487-ACE9-52CE77BE3042}.Ad-Hoc|ARM.Deploy.0 = Release|Any CPU
		{4781B65F-849C-4487-ACE9-52CE77BE3042}.Ad-Hoc|iPhone.ActiveCfg = Release|Any CPU
		{4781B65F-849C-4487-ACE9-52CE77BE3042}.Ad-Hoc|iPhone.Build.0 = Release|Any CPU
		{4781B65F-849C-4487-ACE9-52CE77BE3042}.Ad-Hoc|iPhone.Deploy.0 = Release|Any CPU
		{4781B65F-849C-4487-ACE9-52CE77BE3042}.Ad-Hoc|iPhoneSimulator.ActiveCfg = Release|Any CPU
		{4781B65F-849C-4487-ACE9-52CE77BE3042}.Ad-Hoc|iPhoneSimulator.Build.0 = Release|Any CPU
		{4781B65F-849C-4487-ACE9-52CE77BE3042}.Ad-Hoc|iPhoneSimulator.Deploy.0 = Release|Any CPU
		{4781B65F-849C-4487-ACE9-52CE77BE3042}.Ad-Hoc|x64.ActiveCfg = Release|Any CPU
		{4781B65F-849C-4487-ACE9-52CE77BE3042}.Ad-Hoc|x64.Build.0 = Release|Any CPU
		{4781B65F-849C-4487-ACE9-52CE77BE3042}.Ad-Hoc|x64.Deploy.0 = Release|Any CPU
		{4781B65F-849C-4487-ACE9-52CE77BE3042}.Ad-Hoc|x86.ActiveCfg = Release|Any CPU
		{4781B65F-849C-4487-ACE9-52CE77BE3042}.Ad-Hoc|x86.Build.0 = Release|Any CPU
		{4781B65F-849C-4487-ACE9-52CE77BE3042}.Ad-Hoc|x86.Deploy.0 = Release|Any CPU
		{4781B65F-849C-4487-ACE9-52CE77BE3042}.AppStore|Any CPU.ActiveCfg = Release|Any CPU
		{4781B65F-849C-4487-ACE9-52CE77BE3042}.AppStore|Any CPU.Build.0 = Release|Any CPU
		{4781B65F-849C-4487-ACE9-52CE77BE3042}.AppStore|Any CPU.Deploy.0 = Release|Any CPU
		{4781B65F-849C-4487-ACE9-52CE77BE3042}.AppStore|ARM.ActiveCfg = Release|Any CPU
		{4781B65F-849C-4487-ACE9-52CE77BE3042}.AppStore|ARM.Build.0 = Release|Any CPU
		{4781B65F-849C-4487-ACE9-52CE77BE3042}.AppStore|ARM.Deploy.0 = Release|Any CPU
		{4781B65F-849C-4487-ACE9-52CE77BE3042}.AppStore|iPhone.ActiveCfg = Release|Any CPU
		{4781B65F-849C-4487-ACE9-52CE77BE3042}.AppStore|iPhone.Build.0 = Release|Any CPU
		{4781B65F-849C-4487-ACE9-52CE77BE3042}.AppStore|iPhone.Deploy.0 = Release|Any CPU
		{4781B65F-849C-4487-ACE9-52CE77BE3042}.AppStore|iPhoneSimulator.ActiveCfg = Release|Any CPU
		{4781B65F-849C-4487-ACE9-52CE77BE3042}.AppStore|iPhoneSimulator.Build.0 = Release|Any CPU
		{4781B65F-849C-4487-ACE9-52CE77BE3042}.AppStore|iPhoneSimulator.Deploy.0 = Release|Any CPU
		{4781B65F-849C-4487-ACE9-52CE77BE3042}.AppStore|x64.ActiveCfg = Release|Any CPU
		{4781B65F-849C-4487-ACE9-52CE77BE3042}.AppStore|x64.Build.0 = Release|Any CPU
		{4781B65F-849C-4487-ACE9-52CE77BE3042}.AppStore|x64.Deploy.0 = Release|Any CPU
		{4781B65F-849C-4487-ACE9-52CE77BE3042}.AppStore|x86.ActiveCfg = Release|Any CPU
		{4781B65F-849C-4487-ACE9-52CE77BE3042}.AppStore|x86.Build.0 = Release|Any CPU
		{4781B65F-849C-4487-ACE9-52CE77BE3042}.AppStore|x86.Deploy.0 = Release|Any CPU
		{4781B65F-849C-4487-ACE9-52CE77BE3042}.Debug|Any CPU.ActiveCfg = Debug|Any CPU
		{4781B65F-849C-4487-ACE9-52CE77BE3042}.Debug|Any CPU.Build.0 = Debug|Any CPU
		{4781B65F-849C-4487-ACE9-52CE77BE3042}.Debug|Any CPU.Deploy.0 = Debug|Any CPU
		{4781B65F-849C-4487-ACE9-52CE77BE3042}.Debug|ARM.ActiveCfg = Debug|Any CPU
		{4781B65F-849C-4487-ACE9-52CE77BE3042}.Debug|ARM.Build.0 = Debug|Any CPU
		{4781B65F-849C-4487-ACE9-52CE77BE3042}.Debug|ARM.Deploy.0 = Debug|Any CPU
		{4781B65F-849C-4487-ACE9-52CE77BE3042}.Debug|iPhone.ActiveCfg = Debug|Any CPU
		{4781B65F-849C-4487-ACE9-52CE77BE3042}.Debug|iPhone.Build.0 = Debug|Any CPU
		{4781B65F-849C-4487-ACE9-52CE77BE3042}.Debug|iPhone.Deploy.0 = Debug|Any CPU
		{4781B65F-849C-4487-ACE9-52CE77BE3042}.Debug|iPhoneSimulator.ActiveCfg = Debug|Any CPU
		{4781B65F-849C-4487-ACE9-52CE77BE3042}.Debug|iPhoneSimulator.Build.0 = Debug|Any CPU
		{4781B65F-849C-4487-ACE9-52CE77BE3042}.Debug|iPhoneSimulator.Deploy.0 = Debug|Any CPU
		{4781B65F-849C-4487-ACE9-52CE77BE3042}.Debug|x64.ActiveCfg = Debug|Any CPU
		{4781B65F-849C-4487-ACE9-52CE77BE3042}.Debug|x64.Build.0 = Debug|Any CPU
		{4781B65F-849C-4487-ACE9-52CE77BE3042}.Debug|x64.Deploy.0 = Debug|Any CPU
		{4781B65F-849C-4487-ACE9-52CE77BE3042}.Debug|x86.ActiveCfg = Debug|Any CPU
		{4781B65F-849C-4487-ACE9-52CE77BE3042}.Debug|x86.Build.0 = Debug|Any CPU
		{4781B65F-849C-4487-ACE9-52CE77BE3042}.Debug|x86.Deploy.0 = Debug|Any CPU
		{4781B65F-849C-4487-ACE9-52CE77BE3042}.Release|Any CPU.ActiveCfg = Release|Any CPU
		{4781B65F-849C-4487-ACE9-52CE77BE3042}.Release|Any CPU.Build.0 = Release|Any CPU
		{4781B65F-849C-4487-ACE9-52CE77BE3042}.Release|Any CPU.Deploy.0 = Release|Any CPU
		{4781B65F-849C-4487-ACE9-52CE77BE3042}.Release|ARM.ActiveCfg = Release|Any CPU
		{4781B65F-849C-4487-ACE9-52CE77BE3042}.Release|ARM.Build.0 = Release|Any CPU
		{4781B65F-849C-4487-ACE9-52CE77BE3042}.Release|ARM.Deploy.0 = Release|Any CPU
		{4781B65F-849C-4487-ACE9-52CE77BE3042}.Release|iPhone.ActiveCfg = Release|Any CPU
		{4781B65F-849C-4487-ACE9-52CE77BE3042}.Release|iPhone.Build.0 = Release|Any CPU
		{4781B65F-849C-4487-ACE9-52CE77BE3042}.Release|iPhone.Deploy.0 = Release|Any CPU
		{4781B65F-849C-4487-ACE9-52CE77BE3042}.Release|iPhoneSimulator.ActiveCfg = Release|Any CPU
		{4781B65F-849C-4487-ACE9-52CE77BE3042}.Release|iPhoneSimulator.Build.0 = Release|Any CPU
		{4781B65F-849C-4487-ACE9-52CE77BE3042}.Release|iPhoneSimulator.Deploy.0 = Release|Any CPU
		{4781B65F-849C-4487-ACE9-52CE77BE3042}.Release|x64.ActiveCfg = Release|Any CPU
		{4781B65F-849C-4487-ACE9-52CE77BE3042}.Release|x64.Build.0 = Release|Any CPU
		{4781B65F-849C-4487-ACE9-52CE77BE3042}.Release|x64.Deploy.0 = Release|Any CPU
		{4781B65F-849C-4487-ACE9-52CE77BE3042}.Release|x86.ActiveCfg = Release|Any CPU
		{4781B65F-849C-4487-ACE9-52CE77BE3042}.Release|x86.Build.0 = Release|Any CPU
		{4781B65F-849C-4487-ACE9-52CE77BE3042}.Release|x86.Deploy.0 = Release|Any CPU
		{12191652-9405-4FF4-AA68-698F265D4013}.Ad-Hoc|Any CPU.ActiveCfg = Ad-Hoc|iPhone
		{12191652-9405-4FF4-AA68-698F265D4013}.Ad-Hoc|ARM.ActiveCfg = Ad-Hoc|iPhone
		{12191652-9405-4FF4-AA68-698F265D4013}.Ad-Hoc|iPhone.ActiveCfg = Ad-Hoc|iPhone
		{12191652-9405-4FF4-AA68-698F265D4013}.Ad-Hoc|iPhone.Build.0 = Ad-Hoc|iPhone
		{12191652-9405-4FF4-AA68-698F265D4013}.Ad-Hoc|iPhoneSimulator.ActiveCfg = Ad-Hoc|iPhoneSimulator
		{12191652-9405-4FF4-AA68-698F265D4013}.Ad-Hoc|iPhoneSimulator.Build.0 = Ad-Hoc|iPhoneSimulator
		{12191652-9405-4FF4-AA68-698F265D4013}.Ad-Hoc|x64.ActiveCfg = Ad-Hoc|iPhone
		{12191652-9405-4FF4-AA68-698F265D4013}.Ad-Hoc|x86.ActiveCfg = Ad-Hoc|iPhone
		{12191652-9405-4FF4-AA68-698F265D4013}.AppStore|Any CPU.ActiveCfg = AppStore|iPhone
		{12191652-9405-4FF4-AA68-698F265D4013}.AppStore|ARM.ActiveCfg = AppStore|iPhone
		{12191652-9405-4FF4-AA68-698F265D4013}.AppStore|iPhone.ActiveCfg = AppStore|iPhone
		{12191652-9405-4FF4-AA68-698F265D4013}.AppStore|iPhone.Build.0 = AppStore|iPhone
		{12191652-9405-4FF4-AA68-698F265D4013}.AppStore|iPhoneSimulator.ActiveCfg = AppStore|iPhoneSimulator
		{12191652-9405-4FF4-AA68-698F265D4013}.AppStore|iPhoneSimulator.Build.0 = AppStore|iPhoneSimulator
		{12191652-9405-4FF4-AA68-698F265D4013}.AppStore|x64.ActiveCfg = AppStore|iPhone
		{12191652-9405-4FF4-AA68-698F265D4013}.AppStore|x86.ActiveCfg = AppStore|iPhone
		{12191652-9405-4FF4-AA68-698F265D4013}.Debug|Any CPU.ActiveCfg = Debug|iPhone
		{12191652-9405-4FF4-AA68-698F265D4013}.Debug|ARM.ActiveCfg = Debug|iPhone
		{12191652-9405-4FF4-AA68-698F265D4013}.Debug|iPhone.ActiveCfg = Debug|iPhone
		{12191652-9405-4FF4-AA68-698F265D4013}.Debug|iPhone.Build.0 = Debug|iPhone
		{12191652-9405-4FF4-AA68-698F265D4013}.Debug|iPhoneSimulator.ActiveCfg = Debug|iPhoneSimulator
		{12191652-9405-4FF4-AA68-698F265D4013}.Debug|iPhoneSimulator.Build.0 = Debug|iPhoneSimulator
		{12191652-9405-4FF4-AA68-698F265D4013}.Debug|x64.ActiveCfg = Debug|iPhone
		{12191652-9405-4FF4-AA68-698F265D4013}.Debug|x86.ActiveCfg = Debug|iPhone
		{12191652-9405-4FF4-AA68-698F265D4013}.Release|Any CPU.ActiveCfg = Release|iPhone
		{12191652-9405-4FF4-AA68-698F265D4013}.Release|ARM.ActiveCfg = Release|iPhone
		{12191652-9405-4FF4-AA68-698F265D4013}.Release|iPhone.ActiveCfg = Release|iPhone
		{12191652-9405-4FF4-AA68-698F265D4013}.Release|iPhone.Build.0 = Release|iPhone
		{12191652-9405-4FF4-AA68-698F265D4013}.Release|iPhoneSimulator.ActiveCfg = Release|iPhoneSimulator
		{12191652-9405-4FF4-AA68-698F265D4013}.Release|iPhoneSimulator.Build.0 = Release|iPhoneSimulator
		{12191652-9405-4FF4-AA68-698F265D4013}.Release|x64.ActiveCfg = Release|iPhone
		{12191652-9405-4FF4-AA68-698F265D4013}.Release|x86.ActiveCfg = Release|iPhone
		{89AE7D74-1A47-431A-84CF-19E99C5D6802}.Ad-Hoc|Any CPU.ActiveCfg = Release|x64
		{89AE7D74-1A47-431A-84CF-19E99C5D6802}.Ad-Hoc|Any CPU.Build.0 = Release|x64
		{89AE7D74-1A47-431A-84CF-19E99C5D6802}.Ad-Hoc|Any CPU.Deploy.0 = Release|x64
		{89AE7D74-1A47-431A-84CF-19E99C5D6802}.Ad-Hoc|ARM.ActiveCfg = Release|ARM
		{89AE7D74-1A47-431A-84CF-19E99C5D6802}.Ad-Hoc|ARM.Build.0 = Release|ARM
		{89AE7D74-1A47-431A-84CF-19E99C5D6802}.Ad-Hoc|ARM.Deploy.0 = Release|ARM
		{89AE7D74-1A47-431A-84CF-19E99C5D6802}.Ad-Hoc|iPhone.ActiveCfg = Release|x64
		{89AE7D74-1A47-431A-84CF-19E99C5D6802}.Ad-Hoc|iPhone.Build.0 = Release|x64
		{89AE7D74-1A47-431A-84CF-19E99C5D6802}.Ad-Hoc|iPhone.Deploy.0 = Release|x64
		{89AE7D74-1A47-431A-84CF-19E99C5D6802}.Ad-Hoc|iPhoneSimulator.ActiveCfg = Release|x64
		{89AE7D74-1A47-431A-84CF-19E99C5D6802}.Ad-Hoc|iPhoneSimulator.Build.0 = Release|x64
		{89AE7D74-1A47-431A-84CF-19E99C5D6802}.Ad-Hoc|iPhoneSimulator.Deploy.0 = Release|x64
		{89AE7D74-1A47-431A-84CF-19E99C5D6802}.Ad-Hoc|x64.ActiveCfg = Release|x64
		{89AE7D74-1A47-431A-84CF-19E99C5D6802}.Ad-Hoc|x64.Build.0 = Release|x64
		{89AE7D74-1A47-431A-84CF-19E99C5D6802}.Ad-Hoc|x64.Deploy.0 = Release|x64
		{89AE7D74-1A47-431A-84CF-19E99C5D6802}.Ad-Hoc|x86.ActiveCfg = Release|x86
		{89AE7D74-1A47-431A-84CF-19E99C5D6802}.Ad-Hoc|x86.Build.0 = Release|x86
		{89AE7D74-1A47-431A-84CF-19E99C5D6802}.Ad-Hoc|x86.Deploy.0 = Release|x86
		{89AE7D74-1A47-431A-84CF-19E99C5D6802}.AppStore|Any CPU.ActiveCfg = Release|x64
		{89AE7D74-1A47-431A-84CF-19E99C5D6802}.AppStore|Any CPU.Build.0 = Release|x64
		{89AE7D74-1A47-431A-84CF-19E99C5D6802}.AppStore|Any CPU.Deploy.0 = Release|x64
		{89AE7D74-1A47-431A-84CF-19E99C5D6802}.AppStore|ARM.ActiveCfg = Release|ARM
		{89AE7D74-1A47-431A-84CF-19E99C5D6802}.AppStore|ARM.Build.0 = Release|ARM
		{89AE7D74-1A47-431A-84CF-19E99C5D6802}.AppStore|ARM.Deploy.0 = Release|ARM
		{89AE7D74-1A47-431A-84CF-19E99C5D6802}.AppStore|iPhone.ActiveCfg = Release|x64
		{89AE7D74-1A47-431A-84CF-19E99C5D6802}.AppStore|iPhone.Build.0 = Release|x64
		{89AE7D74-1A47-431A-84CF-19E99C5D6802}.AppStore|iPhone.Deploy.0 = Release|x64
		{89AE7D74-1A47-431A-84CF-19E99C5D6802}.AppStore|iPhoneSimulator.ActiveCfg = Release|x64
		{89AE7D74-1A47-431A-84CF-19E99C5D6802}.AppStore|iPhoneSimulator.Build.0 = Release|x64
		{89AE7D74-1A47-431A-84CF-19E99C5D6802}.AppStore|iPhoneSimulator.Deploy.0 = Release|x64
		{89AE7D74-1A47-431A-84CF-19E99C5D6802}.AppStore|x64.ActiveCfg = Release|x64
		{89AE7D74-1A47-431A-84CF-19E99C5D6802}.AppStore|x64.Build.0 = Release|x64
		{89AE7D74-1A47-431A-84CF-19E99C5D6802}.AppStore|x64.Deploy.0 = Release|x64
		{89AE7D74-1A47-431A-84CF-19E99C5D6802}.AppStore|x86.ActiveCfg = Release|x86
		{89AE7D74-1A47-431A-84CF-19E99C5D6802}.AppStore|x86.Build.0 = Release|x86
		{89AE7D74-1A47-431A-84CF-19E99C5D6802}.AppStore|x86.Deploy.0 = Release|x86
		{89AE7D74-1A47-431A-84CF-19E99C5D6802}.Debug|Any CPU.ActiveCfg = Debug|x86
		{89AE7D74-1A47-431A-84CF-19E99C5D6802}.Debug|ARM.ActiveCfg = Debug|ARM
		{89AE7D74-1A47-431A-84CF-19E99C5D6802}.Debug|ARM.Build.0 = Debug|ARM
		{89AE7D74-1A47-431A-84CF-19E99C5D6802}.Debug|ARM.Deploy.0 = Debug|ARM
		{89AE7D74-1A47-431A-84CF-19E99C5D6802}.Debug|iPhone.ActiveCfg = Debug|x86
		{89AE7D74-1A47-431A-84CF-19E99C5D6802}.Debug|iPhoneSimulator.ActiveCfg = Debug|x86
		{89AE7D74-1A47-431A-84CF-19E99C5D6802}.Debug|x64.ActiveCfg = Debug|x64
		{89AE7D74-1A47-431A-84CF-19E99C5D6802}.Debug|x64.Build.0 = Debug|x64
		{89AE7D74-1A47-431A-84CF-19E99C5D6802}.Debug|x64.Deploy.0 = Debug|x64
		{89AE7D74-1A47-431A-84CF-19E99C5D6802}.Debug|x86.ActiveCfg = Debug|x86
		{89AE7D74-1A47-431A-84CF-19E99C5D6802}.Debug|x86.Build.0 = Debug|x86
		{89AE7D74-1A47-431A-84CF-19E99C5D6802}.Debug|x86.Deploy.0 = Debug|x86
		{89AE7D74-1A47-431A-84CF-19E99C5D6802}.Release|Any CPU.ActiveCfg = Release|x86
		{89AE7D74-1A47-431A-84CF-19E99C5D6802}.Release|ARM.ActiveCfg = Release|ARM
		{89AE7D74-1A47-431A-84CF-19E99C5D6802}.Release|ARM.Build.0 = Release|ARM
		{89AE7D74-1A47-431A-84CF-19E99C5D6802}.Release|ARM.Deploy.0 = Release|ARM
		{89AE7D74-1A47-431A-84CF-19E99C5D6802}.Release|iPhone.ActiveCfg = Release|x86
		{89AE7D74-1A47-431A-84CF-19E99C5D6802}.Release|iPhoneSimulator.ActiveCfg = Release|x86
		{89AE7D74-1A47-431A-84CF-19E99C5D6802}.Release|x64.ActiveCfg = Release|x64
		{89AE7D74-1A47-431A-84CF-19E99C5D6802}.Release|x64.Build.0 = Release|x64
		{89AE7D74-1A47-431A-84CF-19E99C5D6802}.Release|x64.Deploy.0 = Release|x64
		{89AE7D74-1A47-431A-84CF-19E99C5D6802}.Release|x86.ActiveCfg = Release|x86
		{89AE7D74-1A47-431A-84CF-19E99C5D6802}.Release|x86.Build.0 = Release|x86
		{89AE7D74-1A47-431A-84CF-19E99C5D6802}.Release|x86.Deploy.0 = Release|x86
		{89CD9412-8E0E-447D-9115-2330E329CB2C}.Ad-Hoc|Any CPU.ActiveCfg = Debug|Any CPU
		{89CD9412-8E0E-447D-9115-2330E329CB2C}.Ad-Hoc|Any CPU.Build.0 = Debug|Any CPU
		{89CD9412-8E0E-447D-9115-2330E329CB2C}.Ad-Hoc|ARM.ActiveCfg = Debug|Any CPU
		{89CD9412-8E0E-447D-9115-2330E329CB2C}.Ad-Hoc|ARM.Build.0 = Debug|Any CPU
		{89CD9412-8E0E-447D-9115-2330E329CB2C}.Ad-Hoc|iPhone.ActiveCfg = Debug|Any CPU
		{89CD9412-8E0E-447D-9115-2330E329CB2C}.Ad-Hoc|iPhone.Build.0 = Debug|Any CPU
		{89CD9412-8E0E-447D-9115-2330E329CB2C}.Ad-Hoc|iPhoneSimulator.ActiveCfg = Debug|Any CPU
		{89CD9412-8E0E-447D-9115-2330E329CB2C}.Ad-Hoc|iPhoneSimulator.Build.0 = Debug|Any CPU
		{89CD9412-8E0E-447D-9115-2330E329CB2C}.Ad-Hoc|x64.ActiveCfg = Debug|Any CPU
		{89CD9412-8E0E-447D-9115-2330E329CB2C}.Ad-Hoc|x64.Build.0 = Debug|Any CPU
		{89CD9412-8E0E-447D-9115-2330E329CB2C}.Ad-Hoc|x86.ActiveCfg = Debug|Any CPU
		{89CD9412-8E0E-447D-9115-2330E329CB2C}.Ad-Hoc|x86.Build.0 = Debug|Any CPU
		{89CD9412-8E0E-447D-9115-2330E329CB2C}.AppStore|Any CPU.ActiveCfg = Debug|Any CPU
		{89CD9412-8E0E-447D-9115-2330E329CB2C}.AppStore|Any CPU.Build.0 = Debug|Any CPU
		{89CD9412-8E0E-447D-9115-2330E329CB2C}.AppStore|ARM.ActiveCfg = Debug|Any CPU
		{89CD9412-8E0E-447D-9115-2330E329CB2C}.AppStore|ARM.Build.0 = Debug|Any CPU
		{89CD9412-8E0E-447D-9115-2330E329CB2C}.AppStore|iPhone.ActiveCfg = Debug|Any CPU
		{89CD9412-8E0E-447D-9115-2330E329CB2C}.AppStore|iPhone.Build.0 = Debug|Any CPU
		{89CD9412-8E0E-447D-9115-2330E329CB2C}.AppStore|iPhoneSimulator.ActiveCfg = Debug|Any CPU
		{89CD9412-8E0E-447D-9115-2330E329CB2C}.AppStore|iPhoneSimulator.Build.0 = Debug|Any CPU
		{89CD9412-8E0E-447D-9115-2330E329CB2C}.AppStore|x64.ActiveCfg = Debug|Any CPU
		{89CD9412-8E0E-447D-9115-2330E329CB2C}.AppStore|x64.Build.0 = Debug|Any CPU
		{89CD9412-8E0E-447D-9115-2330E329CB2C}.AppStore|x86.ActiveCfg = Debug|Any CPU
		{89CD9412-8E0E-447D-9115-2330E329CB2C}.AppStore|x86.Build.0 = Debug|Any CPU
		{89CD9412-8E0E-447D-9115-2330E329CB2C}.Debug|Any CPU.ActiveCfg = Debug|Any CPU
		{89CD9412-8E0E-447D-9115-2330E329CB2C}.Debug|Any CPU.Build.0 = Debug|Any CPU
		{89CD9412-8E0E-447D-9115-2330E329CB2C}.Debug|ARM.ActiveCfg = Debug|Any CPU
		{89CD9412-8E0E-447D-9115-2330E329CB2C}.Debug|ARM.Build.0 = Debug|Any CPU
		{89CD9412-8E0E-447D-9115-2330E329CB2C}.Debug|iPhone.ActiveCfg = Debug|Any CPU
		{89CD9412-8E0E-447D-9115-2330E329CB2C}.Debug|iPhone.Build.0 = Debug|Any CPU
		{89CD9412-8E0E-447D-9115-2330E329CB2C}.Debug|iPhoneSimulator.ActiveCfg = Debug|Any CPU
		{89CD9412-8E0E-447D-9115-2330E329CB2C}.Debug|iPhoneSimulator.Build.0 = Debug|Any CPU
		{89CD9412-8E0E-447D-9115-2330E329CB2C}.Debug|x64.ActiveCfg = Debug|Any CPU
		{89CD9412-8E0E-447D-9115-2330E329CB2C}.Debug|x64.Build.0 = Debug|Any CPU
		{89CD9412-8E0E-447D-9115-2330E329CB2C}.Debug|x86.ActiveCfg = Debug|Any CPU
		{89CD9412-8E0E-447D-9115-2330E329CB2C}.Debug|x86.Build.0 = Debug|Any CPU
		{89CD9412-8E0E-447D-9115-2330E329CB2C}.Release|Any CPU.ActiveCfg = Release|Any CPU
		{89CD9412-8E0E-447D-9115-2330E329CB2C}.Release|Any CPU.Build.0 = Release|Any CPU
		{89CD9412-8E0E-447D-9115-2330E329CB2C}.Release|ARM.ActiveCfg = Release|Any CPU
		{89CD9412-8E0E-447D-9115-2330E329CB2C}.Release|ARM.Build.0 = Release|Any CPU
		{89CD9412-8E0E-447D-9115-2330E329CB2C}.Release|iPhone.ActiveCfg = Release|Any CPU
		{89CD9412-8E0E-447D-9115-2330E329CB2C}.Release|iPhone.Build.0 = Release|Any CPU
		{89CD9412-8E0E-447D-9115-2330E329CB2C}.Release|iPhoneSimulator.ActiveCfg = Release|Any CPU
		{89CD9412-8E0E-447D-9115-2330E329CB2C}.Release|iPhoneSimulator.Build.0 = Release|Any CPU
		{89CD9412-8E0E-447D-9115-2330E329CB2C}.Release|x64.ActiveCfg = Release|Any CPU
		{89CD9412-8E0E-447D-9115-2330E329CB2C}.Release|x64.Build.0 = Release|Any CPU
		{89CD9412-8E0E-447D-9115-2330E329CB2C}.Release|x86.ActiveCfg = Release|Any CPU
		{89CD9412-8E0E-447D-9115-2330E329CB2C}.Release|x86.Build.0 = Release|Any CPU
	EndGlobalSection
	GlobalSection(SolutionProperties) = preSolution
		HideSolutionNode = FALSE
	EndGlobalSection
	GlobalSection(ExtensibilityGlobals) = postSolution
		SolutionGuid = {573DE445-0C4C-41E4-8685-E0098219BE47}
	EndGlobalSection
EndGlobal
